// !$*UTF8*$!
{
	archiveVersion = 1;
	classes = {
	};
	objectVersion = 55;
	objects = {

/* Begin PBXBuildFile section */
		FE2892FD27DFFAF800979242 /* helloGUIApp.swift in Sources */ = {isa = PBXBuildFile; fileRef = FE2892FC27DFFAF800979242 /* helloGUIApp.swift */; };
		FE2892FF27DFFAF800979242 /* ContentView.swift in Sources */ = {isa = PBXBuildFile; fileRef = FE2892FE27DFFAF800979242 /* ContentView.swift */; };
		FE28930127DFFAF900979242 /* Assets.xcassets in Resources */ = {isa = PBXBuildFile; fileRef = FE28930027DFFAF900979242 /* Assets.xcassets */; };
		FE28930427DFFAF900979242 /* Preview Assets.xcassets in Resources */ = {isa = PBXBuildFile; fileRef = FE28930327DFFAF900979242 /* Preview Assets.xcassets */; };
		FE28930E27DFFAF900979242 /* helloGUITests.swift in Sources */ = {isa = PBXBuildFile; fileRef = FE28930D27DFFAF900979242 /* helloGUITests.swift */; };
		FE28931827DFFAF900979242 /* helloGUIUITests.swift in Sources */ = {isa = PBXBuildFile; fileRef = FE28931727DFFAF900979242 /* helloGUIUITests.swift */; };
		FE28931A27DFFAF900979242 /* helloGUIUITestsLaunchTests.swift in Sources */ = {isa = PBXBuildFile; fileRef = FE28931927DFFAF900979242 /* helloGUIUITestsLaunchTests.swift */; };
/* End PBXBuildFile section */

/* Begin PBXContainerItemProxy section */
		FE28930A27DFFAF900979242 /* PBXContainerItemProxy */ = {
			isa = PBXContainerItemProxy;
			containerPortal = FE2892F127DFFAF800979242 /* Project object */;
			proxyType = 1;
			remoteGlobalIDString = FE2892F827DFFAF800979242;
			remoteInfo = helloGUI;
		};
		FE28931427DFFAF900979242 /* PBXContainerItemProxy */ = {
			isa = PBXContainerItemProxy;
			containerPortal = FE2892F127DFFAF800979242 /* Project object */;
			proxyType = 1;
			remoteGlobalIDString = FE2892F827DFFAF800979242;
			remoteInfo = helloGUI;
		};
/* End PBXContainerItemProxy section */

/* Begin PBXFileReference section */
		FE2892F927DFFAF800979242 /* helloGUI.app */ = {isa = PBXFileReference; explicitFileType = wrapper.application; includeInIndex = 0; path = helloGUI.app; sourceTree = BUILT_PRODUCTS_DIR; };
		FE2892FC27DFFAF800979242 /* helloGUIApp.swift */ = {isa = PBXFileReference; lastKnownFileType = sourcecode.swift; path = helloGUIApp.swift; sourceTree = "<group>"; };
		FE2892FE27DFFAF800979242 /* ContentView.swift */ = {isa = PBXFileReference; lastKnownFileType = sourcecode.swift; path = ContentView.swift; sourceTree = "<group>"; };
		FE28930027DFFAF900979242 /* Assets.xcassets */ = {isa = PBXFileReference; lastKnownFileType = folder.assetcatalog; path = Assets.xcassets; sourceTree = "<group>"; };
		FE28930327DFFAF900979242 /* Preview Assets.xcassets */ = {isa = PBXFileReference; lastKnownFileType = folder.assetcatalog; path = "Preview Assets.xcassets"; sourceTree = "<group>"; };
		FE28930927DFFAF900979242 /* helloGUITests.xctest */ = {isa = PBXFileReference; explicitFileType = wrapper.cfbundle; includeInIndex = 0; path = helloGUITests.xctest; sourceTree = BUILT_PRODUCTS_DIR; };
		FE28930D27DFFAF900979242 /* helloGUITests.swift */ = {isa = PBXFileReference; lastKnownFileType = sourcecode.swift; path = helloGUITests.swift; sourceTree = "<group>"; };
		FE28931327DFFAF900979242 /* helloGUIUITests.xctest */ = {isa = PBXFileReference; explicitFileType = wrapper.cfbundle; includeInIndex = 0; path = helloGUIUITests.xctest; sourceTree = BUILT_PRODUCTS_DIR; };
		FE28931727DFFAF900979242 /* helloGUIUITests.swift */ = {isa = PBXFileReference; lastKnownFileType = sourcecode.swift; path = helloGUIUITests.swift; sourceTree = "<group>"; };
		FE28931927DFFAF900979242 /* helloGUIUITestsLaunchTests.swift */ = {isa = PBXFileReference; lastKnownFileType = sourcecode.swift; path = helloGUIUITestsLaunchTests.swift; sourceTree = "<group>"; };
/* End PBXFileReference section */

/* Begin PBXFrameworksBuildPhase section */
		FE2892F627DFFAF800979242 /* Frameworks */ = {
			isa = PBXFrameworksBuildPhase;
			buildActionMask = 2147483647;
			files = (
			);
			runOnlyForDeploymentPostprocessing = 0;
		};
		FE28930627DFFAF900979242 /* Frameworks */ = {
			isa = PBXFrameworksBuildPhase;
			buildActionMask = 2147483647;
			files = (
			);
			runOnlyForDeploymentPostprocessing = 0;
		};
		FE28931027DFFAF900979242 /* Frameworks */ = {
			isa = PBXFrameworksBuildPhase;
			buildActionMask = 2147483647;
			files = (
			);
			runOnlyForDeploymentPostprocessing = 0;
		};
/* End PBXFrameworksBuildPhase section */

/* Begin PBXGroup section */
		FE2892F027DFFAF800979242 = {
			isa = PBXGroup;
			children = (
				FE2892FB27DFFAF800979242 /* helloGUI */,
				FE28930C27DFFAF900979242 /* helloGUITests */,
				FE28931627DFFAF900979242 /* helloGUIUITests */,
				FE2892FA27DFFAF800979242 /* Products */,
			);
			sourceTree = "<group>";
		};
		FE2892FA27DFFAF800979242 /* Products */ = {
			isa = PBXGroup;
			children = (
				FE2892F927DFFAF800979242 /* helloGUI.app */,
				FE28930927DFFAF900979242 /* helloGUITests.xctest */,
				FE28931327DFFAF900979242 /* helloGUIUITests.xctest */,
			);
			name = Products;
			sourceTree = "<group>";
		};
		FE2892FB27DFFAF800979242 /* helloGUI */ = {
			isa = PBXGroup;
			children = (
				FE2892FC27DFFAF800979242 /* helloGUIApp.swift */,
				FE2892FE27DFFAF800979242 /* ContentView.swift */,
				FE28930027DFFAF900979242 /* Assets.xcassets */,
				FE28930227DFFAF900979242 /* Preview Content */,
			);
			path = helloGUI;
			sourceTree = "<group>";
		};
		FE28930227DFFAF900979242 /* Preview Content */ = {
			isa = PBXGroup;
			children = (
				FE28930327DFFAF900979242 /* Preview Assets.xcassets */,
			);
			path = "Preview Content";
			sourceTree = "<group>";
		};
		FE28930C27DFFAF900979242 /* helloGUITests */ = {
			isa = PBXGroup;
			children = (
				FE28930D27DFFAF900979242 /* helloGUITests.swift */,
			);
			path = helloGUITests;
			sourceTree = "<group>";
		};
		FE28931627DFFAF900979242 /* helloGUIUITests */ = {
			isa = PBXGroup;
			children = (
				FE28931727DFFAF900979242 /* helloGUIUITests.swift */,
				FE28931927DFFAF900979242 /* helloGUIUITestsLaunchTests.swift */,
			);
			path = helloGUIUITests;
			sourceTree = "<group>";
		};
/* End PBXGroup section */

/* Begin PBXNativeTarget section */
		FE2892F827DFFAF800979242 /* helloGUI */ = {
			isa = PBXNativeTarget;
			buildConfigurationList = FE28931D27DFFAF900979242 /* Build configuration list for PBXNativeTarget "helloGUI" */;
			buildPhases = (
				FE2892F527DFFAF800979242 /* Sources */,
				FE2892F627DFFAF800979242 /* Frameworks */,
				FE2892F727DFFAF800979242 /* Resources */,
			);
			buildRules = (
			);
			dependencies = (
			);
			name = helloGUI;
			productName = helloGUI;
			productReference = FE2892F927DFFAF800979242 /* helloGUI.app */;
			productType = "com.apple.product-type.application";
		};
		FE28930827DFFAF900979242 /* helloGUITests */ = {
			isa = PBXNativeTarget;
			buildConfigurationList = FE28932027DFFAF900979242 /* Build configuration list for PBXNativeTarget "helloGUITests" */;
			buildPhases = (
				FE28930527DFFAF900979242 /* Sources */,
				FE28930627DFFAF900979242 /* Frameworks */,
				FE28930727DFFAF900979242 /* Resources */,
			);
			buildRules = (
			);
			dependencies = (
				FE28930B27DFFAF900979242 /* PBXTargetDependency */,
			);
			name = helloGUITests;
			productName = helloGUITests;
			productReference = FE28930927DFFAF900979242 /* helloGUITests.xctest */;
			productType = "com.apple.product-type.bundle.unit-test";
		};
		FE28931227DFFAF900979242 /* helloGUIUITests */ = {
			isa = PBXNativeTarget;
			buildConfigurationList = FE28932327DFFAF900979242 /* Build configuration list for PBXNativeTarget "helloGUIUITests" */;
			buildPhases = (
				FE28930F27DFFAF900979242 /* Sources */,
				FE28931027DFFAF900979242 /* Frameworks */,
				FE28931127DFFAF900979242 /* Resources */,
			);
			buildRules = (
			);
			dependencies = (
				FE28931527DFFAF900979242 /* PBXTargetDependency */,
			);
			name = helloGUIUITests;
			productName = helloGUIUITests;
			productReference = FE28931327DFFAF900979242 /* helloGUIUITests.xctest */;
			productType = "com.apple.product-type.bundle.ui-testing";
		};
/* End PBXNativeTarget section */

/* Begin PBXProject section */
		FE2892F127DFFAF800979242 /* Project object */ = {
			isa = PBXProject;
			attributes = {
				BuildIndependentTargetsInParallel = 1;
				LastSwiftUpdateCheck = 1320;
				LastUpgradeCheck = 1320;
				TargetAttributes = {
					FE2892F827DFFAF800979242 = {
						CreatedOnToolsVersion = 13.2.1;
					};
					FE28930827DFFAF900979242 = {
						CreatedOnToolsVersion = 13.2.1;
						TestTargetID = FE2892F827DFFAF800979242;
					};
					FE28931227DFFAF900979242 = {
						CreatedOnToolsVersion = 13.2.1;
						TestTargetID = FE2892F827DFFAF800979242;
					};
				};
			};
			buildConfigurationList = FE2892F427DFFAF800979242 /* Build configuration list for PBXProject "helloGUI" */;
			compatibilityVersion = "Xcode 13.0";
			developmentRegion = en;
			hasScannedForEncodings = 0;
			knownRegions = (
				en,
				Base,
			);
			mainGroup = FE2892F027DFFAF800979242;
			productRefGroup = FE2892FA27DFFAF800979242 /* Products */;
			projectDirPath = "";
			projectRoot = "";
			targets = (
				FE2892F827DFFAF800979242 /* helloGUI */,
				FE28930827DFFAF900979242 /* helloGUITests */,
				FE28931227DFFAF900979242 /* helloGUIUITests */,
			);
		};
/* End PBXProject section */

/* Begin PBXResourcesBuildPhase section */
		FE2892F727DFFAF800979242 /* Resources */ = {
			isa = PBXResourcesBuildPhase;
			buildActionMask = 2147483647;
			files = (
				FE28930427DFFAF900979242 /* Preview Assets.xcassets in Resources */,
				FE28930127DFFAF900979242 /* Assets.xcassets in Resources */,
			);
			runOnlyForDeploymentPostprocessing = 0;
		};
		FE28930727DFFAF900979242 /* Resources */ = {
			isa = PBXResourcesBuildPhase;
			buildActionMask = 2147483647;
			files = (
			);
			runOnlyForDeploymentPostprocessing = 0;
		};
		FE28931127DFFAF900979242 /* Resources */ = {
			isa = PBXResourcesBuildPhase;
			buildActionMask = 2147483647;
			files = (
			);
			runOnlyForDeploymentPostprocessing = 0;
		};
/* End PBXResourcesBuildPhase section */

/* Begin PBXSourcesBuildPhase section */
		FE2892F527DFFAF800979242 /* Sources */ = {
			isa = PBXSourcesBuildPhase;
			buildActionMask = 2147483647;
			files = (
				FE2892FF27DFFAF800979242 /* ContentView.swift in Sources */,
				FE2892FD27DFFAF800979242 /* helloGUIApp.swift in Sources */,
			);
			runOnlyForDeploymentPostprocessing = 0;
		};
		FE28930527DFFAF900979242 /* Sources */ = {
			isa = PBXSourcesBuildPhase;
			buildActionMask = 2147483647;
			files = (
				FE28930E27DFFAF900979242 /* helloGUITests.swift in Sources */,
			);
			runOnlyForDeploymentPostprocessing = 0;
		};
		FE28930F27DFFAF900979242 /* Sources */ = {
			isa = PBXSourcesBuildPhase;
			buildActionMask = 2147483647;
			files = (
				FE28931A27DFFAF900979242 /* helloGUIUITestsLaunchTests.swift in Sources */,
				FE28931827DFFAF900979242 /* helloGUIUITests.swift in Sources */,
			);
			runOnlyForDeploymentPostprocessing = 0;
		};
/* End PBXSourcesBuildPhase section */

/* Begin PBXTargetDependency section */
		FE28930B27DFFAF900979242 /* PBXTargetDependency */ = {
			isa = PBXTargetDependency;
			target = FE2892F827DFFAF800979242 /* helloGUI */;
			targetProxy = FE28930A27DFFAF900979242 /* PBXContainerItemProxy */;
		};
		FE28931527DFFAF900979242 /* PBXTargetDependency */ = {
			isa = PBXTargetDependency;
			target = FE2892F827DFFAF800979242 /* helloGUI */;
			targetProxy = FE28931427DFFAF900979242 /* PBXContainerItemProxy */;
		};
/* End PBXTargetDependency section */

/* Begin XCBuildConfiguration section */
		FE28931B27DFFAF900979242 /* Debug */ = {
			isa = XCBuildConfiguration;
			buildSettings = {
				ALWAYS_SEARCH_USER_PATHS = NO;
				CLANG_ANALYZER_NONNULL = YES;
				CLANG_ANALYZER_NUMBER_OBJECT_CONVERSION = YES_AGGRESSIVE;
				CLANG_CXX_LANGUAGE_STANDARD = "gnu++17";
				CLANG_CXX_LIBRARY = "libc++";
				CLANG_ENABLE_MODULES = YES;
				CLANG_ENABLE_OBJC_ARC = YES;
				CLANG_ENABLE_OBJC_WEAK = YES;
				CLANG_WARN_BLOCK_CAPTURE_AUTORELEASING = YES;
				CLANG_WARN_BOOL_CONVERSION = YES;
				CLANG_WARN_COMMA = YES;
				CLANG_WARN_CONSTANT_CONVERSION = YES;
				CLANG_WARN_DEPRECATED_OBJC_IMPLEMENTATIONS = YES;
				CLANG_WARN_DIRECT_OBJC_ISA_USAGE = YES_ERROR;
				CLANG_WARN_DOCUMENTATION_COMMENTS = YES;
				CLANG_WARN_EMPTY_BODY = YES;
				CLANG_WARN_ENUM_CONVERSION = YES;
				CLANG_WARN_INFINITE_RECURSION = YES;
				CLANG_WARN_INT_CONVERSION = YES;
				CLANG_WARN_NON_LITERAL_NULL_CONVERSION = YES;
				CLANG_WARN_OBJC_IMPLICIT_RETAIN_SELF = YES;
				CLANG_WARN_OBJC_LITERAL_CONVERSION = YES;
				CLANG_WARN_OBJC_ROOT_CLASS = YES_ERROR;
				CLANG_WARN_QUOTED_INCLUDE_IN_FRAMEWORK_HEADER = YES;
				CLANG_WARN_RANGE_LOOP_ANALYSIS = YES;
				CLANG_WARN_STRICT_PROTOTYPES = YES;
				CLANG_WARN_SUSPICIOUS_MOVE = YES;
				CLANG_WARN_UNGUARDED_AVAILABILITY = YES_AGGRESSIVE;
				CLANG_WARN_UNREACHABLE_CODE = YES;
				CLANG_WARN__DUPLICATE_METHOD_MATCH = YES;
				COPY_PHASE_STRIP = NO;
				DEBUG_INFORMATION_FORMAT = dwarf;
				ENABLE_STRICT_OBJC_MSGSEND = YES;
				ENABLE_TESTABILITY = YES;
				GCC_C_LANGUAGE_STANDARD = gnu11;
				GCC_DYNAMIC_NO_PIC = NO;
				GCC_NO_COMMON_BLOCKS = YES;
				GCC_OPTIMIZATION_LEVEL = 0;
				GCC_PREPROCESSOR_DEFINITIONS = (
					"DEBUG=1",
					"$(inherited)",
				);
				GCC_WARN_64_TO_32_BIT_CONVERSION = YES;
				GCC_WARN_ABOUT_RETURN_TYPE = YES_ERROR;
				GCC_WARN_UNDECLARED_SELECTOR = YES;
				GCC_WARN_UNINITIALIZED_AUTOS = YES_AGGRESSIVE;
				GCC_WARN_UNUSED_FUNCTION = YES;
				GCC_WARN_UNUSED_VARIABLE = YES;
				IPHONEOS_DEPLOYMENT_TARGET = 15.2;
				MTL_ENABLE_DEBUG_INFO = INCLUDE_SOURCE;
				MTL_FAST_MATH = YES;
				ONLY_ACTIVE_ARCH = YES;
				SDKROOT = iphoneos;
				SWIFT_ACTIVE_COMPILATION_CONDITIONS = DEBUG;
				SWIFT_OPTIMIZATION_LEVEL = "-Onone";
			};
			name = Debug;
		};
		FE28931C27DFFAF900979242 /* Release */ = {
			isa = XCBuildConfiguration;
			buildSettings = {
				ALWAYS_SEARCH_USER_PATHS = NO;
				CLANG_ANALYZER_NONNULL = YES;
				CLANG_ANALYZER_NUMBER_OBJECT_CONVERSION = YES_AGGRESSIVE;
				CLANG_CXX_LANGUAGE_STANDARD = "gnu++17";
				CLANG_CXX_LIBRARY = "libc++";
				CLANG_ENABLE_MODULES = YES;
				CLANG_ENABLE_OBJC_ARC = YES;
				CLANG_ENABLE_OBJC_WEAK = YES;
				CLANG_WARN_BLOCK_CAPTURE_AUTORELEASING = YES;
				CLANG_WARN_BOOL_CONVERSION = YES;
				CLANG_WARN_COMMA = YES;
				CLANG_WARN_CONSTANT_CONVERSION = YES;
				CLANG_WARN_DEPRECATED_OBJC_IMPLEMENTATIONS = YES;
				CLANG_WARN_DIRECT_OBJC_ISA_USAGE = YES_ERROR;
				CLANG_WARN_DOCUMENTATION_COMMENTS = YES;
				CLANG_WARN_EMPTY_BODY = YES;
				CLANG_WARN_ENUM_CONVERSION = YES;
				CLANG_WARN_INFINITE_RECURSION = YES;
				CLANG_WARN_INT_CONVERSION = YES;
				CLANG_WARN_NON_LITERAL_NULL_CONVERSION = YES;
				CLANG_WARN_OBJC_IMPLICIT_RETAIN_SELF = YES;
				CLANG_WARN_OBJC_LITERAL_CONVERSION = YES;
				CLANG_WARN_OBJC_ROOT_CLASS = YES_ERROR;
				CLANG_WARN_QUOTED_INCLUDE_IN_FRAMEWORK_HEADER = YES;
				CLANG_WARN_RANGE_LOOP_ANALYSIS = YES;
				CLANG_WARN_STRICT_PROTOTYPES = YES;
				CLANG_WARN_SUSPICIOUS_MOVE = YES;
				CLANG_WARN_UNGUARDED_AVAILABILITY = YES_AGGRESSIVE;
				CLANG_WARN_UNREACHABLE_CODE = YES;
				CLANG_WARN__DUPLICATE_METHOD_MATCH = YES;
				COPY_PHASE_STRIP = NO;
				DEBUG_INFORMATION_FORMAT = "dwarf-with-dsym";
				ENABLE_NS_ASSERTIONS = NO;
				ENABLE_STRICT_OBJC_MSGSEND = YES;
				GCC_C_LANGUAGE_STANDARD = gnu11;
				GCC_NO_COMMON_BLOCKS = YES;
				GCC_WARN_64_TO_32_BIT_CONVERSION = YES;
				GCC_WARN_ABOUT_RETURN_TYPE = YES_ERROR;
				GCC_WARN_UNDECLARED_SELECTOR = YES;
				GCC_WARN_UNINITIALIZED_AUTOS = YES_AGGRESSIVE;
				GCC_WARN_UNUSED_FUNCTION = YES;
				GCC_WARN_UNUSED_VARIABLE = YES;
				IPHONEOS_DEPLOYMENT_TARGET = 15.2;
				MTL_ENABLE_DEBUG_INFO = NO;
				MTL_FAST_MATH = YES;
				SDKROOT = iphoneos;
				SWIFT_COMPILATION_MODE = wholemodule;
				SWIFT_OPTIMIZATION_LEVEL = "-O";
				VALIDATE_PRODUCT = YES;
			};
			name = Release;
		};
		FE28931E27DFFAF900979242 /* Debug */ = {
			isa = XCBuildConfiguration;
			buildSettings = {
				ASSETCATALOG_COMPILER_APPICON_NAME = AppIcon;
				ASSETCATALOG_COMPILER_GLOBAL_ACCENT_COLOR_NAME = AccentColor;
				CODE_SIGN_STYLE = Automatic;
				CURRENT_PROJECT_VERSION = 1;
				DEVELOPMENT_ASSET_PATHS = "\"helloGUI/Preview Content\"";
				DEVELOPMENT_TEAM = 9NZ4C3NC77;
				ENABLE_PREVIEWS = YES;
				GENERATE_INFOPLIST_FILE = YES;
				INFOPLIST_KEY_UIApplicationSceneManifest_Generation = YES;
				INFOPLIST_KEY_UIApplicationSupportsIndirectInputEvents = YES;
				INFOPLIST_KEY_UILaunchScreen_Generation = YES;
				INFOPLIST_KEY_UISupportedInterfaceOrientations_iPad = "UIInterfaceOrientationPortrait UIInterfaceOrientationPortraitUpsideDown UIInterfaceOrientationLandscapeLeft UIInterfaceOrientationLandscapeRight";
				INFOPLIST_KEY_UISupportedInterfaceOrientations_iPhone = "UIInterfaceOrientationPortrait UIInterfaceOrientationLandscapeLeft UIInterfaceOrientationLandscapeRight";
				LD_RUNPATH_SEARCH_PATHS = (
					"$(inherited)",
					"@executable_path/Frameworks",
				);
				MARKETING_VERSION = 1.0;
				PRODUCT_BUNDLE_IDENTIFIER = labexercise.helloGUI;
				PRODUCT_NAME = "$(TARGET_NAME)";
				SWIFT_EMIT_LOC_STRINGS = YES;
				SWIFT_VERSION = 5.0;
				TARGETED_DEVICE_FAMILY = "1,2";
			};
			name = Debug;
		};
		FE28931F27DFFAF900979242 /* Release */ = {
			isa = XCBuildConfiguration;
			buildSettings = {
				ASSETCATALOG_COMPILER_APPICON_NAME = AppIcon;
				ASSETCATALOG_COMPILER_GLOBAL_ACCENT_COLOR_NAME = AccentColor;
				CODE_SIGN_STYLE = Automatic;
				CURRENT_PROJECT_VERSION = 1;
				DEVELOPMENT_ASSET_PATHS = "\"helloGUI/Preview Content\"";
				DEVELOPMENT_TEAM = 9NZ4C3NC77;
				ENABLE_PREVIEWS = YES;
				GENERATE_INFOPLIST_FILE = YES;
				INFOPLIST_KEY_UIApplicationSceneManifest_Generation = YES;
				INFOPLIST_KEY_UIApplicationSupportsIndirectInputEvents = YES;
				INFOPLIST_KEY_UILaunchScreen_Generation = YES;
				INFOPLIST_KEY_UISupportedInterfaceOrientations_iPad = "UIInterfaceOrientationPortrait UIInterfaceOrientationPortraitUpsideDown UIInterfaceOrientationLandscapeLeft UIInterfaceOrientationLandscapeRight";
				INFOPLIST_KEY_UISupportedInterfaceOrientations_iPhone = "UIInterfaceOrientationPortrait UIInterfaceOrientationLandscapeLeft UIInterfaceOrientationLandscapeRight";
				LD_RUNPATH_SEARCH_PATHS = (
					"$(inherited)",
					"@executable_path/Frameworks",
				);
				MARKETING_VERSION = 1.0;
				PRODUCT_BUNDLE_IDENTIFIER = labexercise.helloGUI;
				PRODUCT_NAME = "$(TARGET_NAME)";
				SWIFT_EMIT_LOC_STRINGS = YES;
				SWIFT_VERSION = 5.0;
				TARGETED_DEVICE_FAMILY = "1,2";
			};
			name = Release;
		};
		FE28932127DFFAF900979242 /* Debug */ = {
			isa = XCBuildConfiguration;
			buildSettings = {
				ALWAYS_EMBED_SWIFT_STANDARD_LIBRARIES = YES;
				BUNDLE_LOADER = "$(TEST_HOST)";
				CODE_SIGN_STYLE = Automatic;
				CURRENT_PROJECT_VERSION = 1;
				DEVELOPMENT_TEAM = 9NZ4C3NC77;
				GENERATE_INFOPLIST_FILE = YES;
				IPHONEOS_DEPLOYMENT_TARGET = 15.2;
				MARKETING_VERSION = 1.0;
				PRODUCT_BUNDLE_IDENTIFIER = labexercise.helloGUITests;
				PRODUCT_NAME = "$(TARGET_NAME)";
				SWIFT_EMIT_LOC_STRINGS = NO;
				SWIFT_VERSION = 5.0;
				TARGETED_DEVICE_FAMILY = "1,2";
				TEST_HOST = "$(BUILT_PRODUCTS_DIR)/helloGUI.app/helloGUI";
			};
			name = Debug;
		};
		FE28932227DFFAF900979242 /* Release */ = {
			isa = XCBuildConfiguration;
			buildSettings = {
				ALWAYS_EMBED_SWIFT_STANDARD_LIBRARIES = YES;
				BUNDLE_LOADER = "$(TEST_HOST)";
				CODE_SIGN_STYLE = Automatic;
				CURRENT_PROJECT_VERSION = 1;
				DEVELOPMENT_TEAM = 9NZ4C3NC77;
				GENERATE_INFOPLIST_FILE = YES;
				IPHONEOS_DEPLOYMENT_TARGET = 15.2;
				MARKETING_VERSION = 1.0;
				PRODUCT_BUNDLE_IDENTIFIER = labexercise.helloGUITests;
				PRODUCT_NAME = "$(TARGET_NAME)";
				SWIFT_EMIT_LOC_STRINGS = NO;
				SWIFT_VERSION = 5.0;
				TARGETED_DEVICE_FAMILY = "1,2";
				TEST_HOST = "$(BUILT_PRODUCTS_DIR)/helloGUI.app/helloGUI";
			};
			name = Release;
		};
		FE28932427DFFAF900979242 /* Debug */ = {
			isa = XCBuildConfiguration;
			buildSettings = {
				ALWAYS_EMBED_SWIFT_STANDARD_LIBRARIES = YES;
				CODE_SIGN_STYLE = Automatic;
				CURRENT_PROJECT_VERSION = 1;
				DEVELOPMENT_TEAM = 9NZ4C3NC77;
				GENERATE_INFOPLIST_FILE = YES;
				MARKETING_VERSION = 1.0;
				PRODUCT_BUNDLE_IDENTIFIER = labexercise.helloGUIUITests;
				PRODUCT_NAME = "$(TARGET_NAME)";
				SWIFT_EMIT_LOC_STRINGS = NO;
				SWIFT_VERSION = 5.0;
				TARGETED_DEVICE_FAMILY = "1,2";
				TEST_TARGET_NAME = helloGUI;
			};
			name = Debug;
		};
		FE28932527DFFAF900979242 /* Release */ = {
			isa = XCBuildConfiguration;
			buildSettings = {
				ALWAYS_EMBED_SWIFT_STANDARD_LIBRARIES = YES;
				CODE_SIGN_STYLE = Automatic;
				CURRENT_PROJECT_VERSION = 1;
				DEVELOPMENT_TEAM = 9NZ4C3NC77;
				GENERATE_INFOPLIST_FILE = YES;
				MARKETING_VERSION = 1.0;
				PRODUCT_BUNDLE_IDENTIFIER = labexercise.helloGUIUITests;
				PRODUCT_NAME = "$(TARGET_NAME)";
				SWIFT_EMIT_LOC_STRINGS = NO;
				SWIFT_VERSION = 5.0;
				TARGETED_DEVICE_FAMILY = "1,2";
				TEST_TARGET_NAME = helloGUI;
			};
			name = Release;
		};
/* End XCBuildConfiguration section */

/* Begin XCConfigurationList section */
		FE2892F427DFFAF800979242 /* Build configuration list for PBXProject "helloGUI" */ = {
			isa = XCConfigurationList;
			buildConfigurations = (
				FE28931B27DFFAF900979242 /* Debug */,
				FE28931C27DFFAF900979242 /* Release */,
			);
			defaultConfigurationIsVisible = 0;
			defaultConfigurationName = Release;
		};
		FE28931D27DFFAF900979242 /* Build configuration list for PBXNativeTarget "helloGUI" */ = {
			isa = XCConfigurationList;
			buildConfigurations = (
				FE28931E27DFFAF900979242 /* Debug */,
				FE28931F27DFFAF900979242 /* Release */,
			);
			defaultConfigurationIsVisible = 0;
			defaultConfigurationName = Release;
		};
		FE28932027DFFAF900979242 /* Build configuration list for PBXNativeTarget "helloGUITests" */ = {
			isa = XCConfigurationList;
			buildConfigurations = (
				FE28932127DFFAF900979242 /* Debug */,
				FE28932227DFFAF900979242 /* Release */,
			);
			defaultConfigurationIsVisible = 0;
			defaultConfigurationName = Release;
		};
		FE28932327DFFAF900979242 /* Build configuration list for PBXNativeTarget "helloGUIUITests" */ = {
			isa = XCConfigurationList;
			buildConfigurations = (
				FE28932427DFFAF900979242 /* Debug */,
				FE28932527DFFAF900979242 /* Release */,
			);
			defaultConfigurationIsVisible = 0;
			defaultConfigurationName = Release;
		};
/* End XCConfigurationList section */
	};
	rootObject = FE2892F127DFFAF800979242 /* Project object */;
}
